
Microsoft Visual Studio Solution File, Format Version 12.00
# Visual Studio Version 17
VisualStudioVersion = 17.8.34511.84
MinimumVisualStudioVersion = 10.0.40219.1
Project("{9A19103F-16F7-4668-BE54-9A1E7A4F7556}") = "Run", "Run\Run.csproj", "{5B513D57-0038-4110-8D70-68E319E8E306}"
EndProject
Project("{9A19103F-16F7-4668-BE54-9A1E7A4F7556}") = "Lib", "Lib\Lib.csproj", "{A0E1F2FF-41BB-4F70-9A48-07FD94666480}"
EndProject
Project("{FAE04EC0-301F-11D3-BF4B-00C04F79EFBC}") = "Sqlite", "Sqlite\Sqlite.csproj", "{B14D9860-D2E8-47FC-B5F5-F02325674769}"
EndProject
Project("{FAE04EC0-301F-11D3-BF4B-00C04F79EFBC}") = "DependencyInjection", "DependencyInjection\DependencyInjection.csproj", "{9AB1A05A-C01E-4AE3-9D44-A83CC4DB97FC}"
EndProject
Global
	GlobalSection(SolutionConfigurationPlatforms) = preSolution
		Debug|Any CPU = Debug|Any CPU
		Release|Any CPU = Release|Any CPU
	EndGlobalSection
	GlobalSection(ProjectConfigurationPlatforms) = postSolution
		{5B513D57-0038-4110-8D70-68E319E8E306}.Debug|Any CPU.ActiveCfg = Debug|Any CPU
		{5B513D57-0038-4110-8D70-68E319E8E306}.Debug|Any CPU.Build.0 = Debug|Any CPU
		{5B513D57-0038-4110-8D70-68E319E8E306}.Release|Any CPU.ActiveCfg = Release|Any CPU
		{5B513D57-0038-4110-8D70-68E319E8E306}.Release|Any CPU.Build.0 = Release|Any CPU
		{A0E1F2FF-41BB-4F70-9A48-07FD94666480}.Debug|Any CPU.ActiveCfg = Debug|Any CPU
		{A0E1F2FF-41BB-4F70-9A48-07FD94666480}.Debug|Any CPU.Build.0 = Debug|Any CPU
		{A0E1F2FF-41BB-4F70-9A48-07FD94666480}.Release|Any CPU.ActiveCfg = Release|Any CPU
		{A0E1F2FF-41BB-4F70-9A48-07FD94666480}.Release|Any CPU.Build.0 = Release|Any CPU
		{B14D9860-D2E8-47FC-B5F5-F02325674769}.Debug|Any CPU.ActiveCfg = Debug|Any CPU
		{B14D9860-D2E8-47FC-B5F5-F02325674769}.Debug|Any CPU.Build.0 = Debug|Any CPU
		{B14D9860-D2E8-47FC-B5F5-F02325674769}.Release|Any CPU.ActiveCfg = Release|Any CPU
		{B14D9860-D2E8-47FC-B5F5-F02325674769}.Release|Any CPU.Build.0 = Release|Any CPU
		{9AB1A05A-C01E-4AE3-9D44-A83CC4DB97FC}.Debug|Any CPU.ActiveCfg = Debug|Any CPU
		{9AB1A05A-C01E-4AE3-9D44-A83CC4DB97FC}.Debug|Any CPU.Build.0 = Debug|Any CPU
		{9AB1A05A-C01E-4AE3-9D44-A83CC4DB97FC}.Release|Any CPU.ActiveCfg = Release|Any CPU
		{9AB1A05A-C01E-4AE3-9D44-A83CC4DB97FC}.Release|Any CPU.Build.0 = Release|Any CPU
	EndGlobalSection
	GlobalSection(SolutionProperties) = preSolution
		HideSolutionNode = FALSE
	EndGlobalSection
	GlobalSection(ExtensibilityGlobals) = postSolution
		SolutionGuid = {A3AFF51F-A474-4EB6-8D8A-6F6A296C7889}
	EndGlobalSection
EndGlobal
